
Microsoft Visual Studio Solution File, Format Version 12.00
# Visual Studio Version 16
VisualStudioVersion = 16.0.30413.136
MinimumVisualStudioVersion = 10.0.40219.1
Project("{FAE04EC0-301F-11D3-BF4B-00C04F79EFBC}") = "HillClimbingStrings", "HillClimbingStrings\HillClimbingStrings.csproj", "{2709DB5E-9CFF-4960-91E8-7BC1BC3FA263}"
EndProject
Global
	GlobalSection(SolutionConfigurationPlatforms) = preSolution
		Debug|Any CPU = Debug|Any CPU
		Release|Any CPU = Release|Any CPU
	EndGlobalSection
	GlobalSection(ProjectConfigurationPlatforms) = postSolution
		{2709DB5E-9CFF-4960-91E8-7BC1BC3FA263}.Debug|Any CPU.ActiveCfg = Debug|Any CPU
		{2709DB5E-9CFF-4960-91E8-7BC1BC3FA263}.Debug|Any CPU.Build.0 = Debug|Any CPU
		{2709DB5E-9CFF-4960-91E8-7BC1BC3FA263}.Release|Any CPU.ActiveCfg = Release|Any CPU
		{2709DB5E-9CFF-4960-91E8-7BC1BC3FA263}.Release|Any CPU.Build.0 = Release|Any CPU
	EndGlobalSection
	GlobalSection(SolutionProperties) = preSolution
		HideSolutionNode = FALSE
	EndGlobalSection
	GlobalSection(ExtensibilityGlobals) = postSolution
		SolutionGuid = {2D132858-DECB-450B-966D-5EE2CD14C4D4}
	EndGlobalSection
EndGlobal
